
Microsoft Visual Studio Solution File, Format Version 12.00
# Visual Studio 15
Project("{FAE04EC0-301F-11D3-BF4B-00C04F79EFBC}") = "War", "War\War.csproj", "{F49BC22D-A7B1-4589-B228-6C3D1447F6F1}"
EndProject
Global
	GlobalSection(SolutionConfigurationPlatforms) = preSolution
		Debug|Any CPU = Debug|Any CPU
		Release|Any CPU = Release|Any CPU
	EndGlobalSection
	GlobalSection(ProjectConfigurationPlatforms) = postSolution
		{F49BC22D-A7B1-4589-B228-6C3D1447F6F1}.Debug|Any CPU.ActiveCfg = Debug|Any CPU
		{F49BC22D-A7B1-4589-B228-6C3D1447F6F1}.Debug|Any CPU.Build.0 = Debug|Any CPU
		{F49BC22D-A7B1-4589-B228-6C3D1447F6F1}.Release|Any CPU.ActiveCfg = Release|Any CPU
		{F49BC22D-A7B1-4589-B228-6C3D1447F6F1}.Release|Any CPU.Build.0 = Release|Any CPU
	EndGlobalSection
EndGlobal
